[[package]]
category = "main"
description = "Python Game Development"
name = "pygame"
optional = false
python-versions = "*"
version = "1.9.6"

[[package]]
category = "main"
description = "An implementation of the WebSocket Protocol (RFC 6455 & 7692)"
name = "websockets"
optional = false
python-versions = ">=3.6.1"
version = "8.1"

[metadata]
content-hash = "10e1c20e47f0b5c3134cca28d54587b14e50d935361c991b003ab76a3f6c3732"
python-versions = "^3.8"

[metadata.hashes]
pygame = ["0480fe82cd41a43e3eea497fa2c059c72ac54cb5d003d5aa2ed06a04541c384e", "136a3b5711d9ec369a0407e4e08ffced3ba61aa41059e9280ffffa79c8614f65", "2622b9dd95f445c887a36a57eade42c672598589f69a8052ccdb8eeeffa4dbb1", "301c6428c0880ecd4a9e3951b80e539c33863b6ff356a443db1758de4f297957", "396320aa29a925feed0b64639f77ce1418722ea7f536b4e4936083dd8d4c4535", "398c42b605ecc514e62f68f1944a2d21e247938309f598de6cb0ad3c207324a8", "4aaff572a273a32e70ec3593d213e59ab11c183a9916616562247930f17a5447", "4e1065577f1b29111113be5deb2ea88553551a5e1cf33e0c08fa32768f285809", "5f052dc2975a399aa1830c1f04c5f72856aa416bf3cd4b31375a058015a5c620", "68ea43e51150316b9fb08e251209d4e2b4e76a340b5b6fc8cdf1a898c78f7e5b", "698433a9fcefca0527244dc44dff9503eb26157494730b1cc80e6e4dbb246e92", "6f714986f7987f10cb94f1be0753318e341a7ea6b12d66f37a4d5d6dd4695023", "73cd9df328c7e72638dbcc1d18e7155225faed880a53db6bad90d1d7c0a71dfd", "7876d1f29f66d3d7cac46479503891ee1ef409b0fbce54b0d74f3a6b33a46dba", "854e87b8b2b76e3ed11d64985fcfdd7af919659503de99fc2b0a717b314c3cf0", "8da13704ad45b7d5de8a8cca135a7f44c7fc6aa9f691abe7b0392468a34a8013", "9ce22fb72298ea33dbb3a1c6c60a4a4e19d9698df6f3f5782eba4dada7b7736d", "a37b6c59e7b8feadc51db5197052b86ceb6443f9fb2a6f7d6527620e707c558c", "a6e8d2f99dbe1dfe72d0c019693c14d93c410f702d0b04ec9a81b36dacd55a23", "a9ac862dd7159861f2c6443b0029089e1c0c4ec762a8074022914ec52fe4dfac", "ae1bc3e78ed28f20878e7ca2c98663a6634e9c00d7746d39413fc18e907dc162", "be7e70f91bd4eb35ae081062f16bf434619b3292358d9b061f8159ddc570c7f0", "c895cf9c1b6d1cbba8cb8cc3f5427febcf8aa41a9333697741abeea1c537a350", "e3e7e4a09dfd8b03663222d6bcadec9fef021404f4d9eecf56825342e039dfc1", "f1f5714d2c23f6a64ef2ac4fcd36a2dd2689da85978d951a99a6ae5dfdf9bdbc", "fa788f775680fc5d268ab00a2da29c9a22830032cfab732730298a2952cd87f3"]
websockets = ["0e4fb4de42701340bd2353bb2eee45314651caa6ccee80dbd5f5d5978888fed5", "1d3f1bf059d04a4e0eb4985a887d49195e15ebabc42364f4eb564b1d065793f5", "20891f0dddade307ffddf593c733a3fdb6b83e6f9eef85908113e628fa5a8308", "295359a2cc78736737dd88c343cd0747546b2174b5e1adc223824bcaf3e164cb", "2db62a9142e88535038a6bcfea70ef9447696ea77891aebb730a333a51ed559a", "3762791ab8b38948f0c4d281c8b2ddfa99b7e510e46bd8dfa942a5fff621068c", "3db87421956f1b0779a7564915875ba774295cc86e81bc671631379371af1170", "3ef56fcc7b1ff90de46ccd5a687bbd13a3180132268c4254fc0fa44ecf4fc422", "4f9f7d28ce1d8f1295717c2c25b732c2bc0645db3215cf757551c392177d7cb8", "5c01fd846263a75bc8a2b9542606927cfad57e7282965d96b93c387622487485", "5c65d2da8c6bce0fca2528f69f44b2f977e06954c8512a952222cea50dad430f", "751a556205d8245ff94aeef23546a1113b1dd4f6e4d102ded66c39b99c2ce6c8", "7ff46d441db78241f4c6c27b3868c9ae71473fe03341340d2dfdbe8d79310acc", "965889d9f0e2a75edd81a07592d0ced54daa5b0785f57dc429c378edbcffe779", "9b248ba3dd8a03b1a10b19efe7d4f7fa41d158fdaa95e2cf65af5a7b95a4f989", "9bef37ee224e104a413f0780e29adb3e514a5b698aabe0d969a6ba426b8435d1", "c1ec8db4fac31850286b7cd3b9c0e1b944204668b8eb721674916d4e28744092", "c8a116feafdb1f84607cb3b14aa1418424ae71fee131642fc568d21423b51824", "ce85b06a10fc65e6143518b96d3dca27b081a740bae261c2fb20375801a9d56d", "d705f8aeecdf3262379644e4b55107a3b55860eb812b673b28d0fbc347a60c55", "e898a0863421650f0bebac8ba40840fc02258ef4714cb7e1fd76b6a6354bda36", "f8a7bff6e8664afc4e6c28b983845c5bc14965030e3fb98789734d416af77c4b"]
